
Microsoft Visual Studio Solution File, Format Version 12.00
# Visual Studio 15
Project("{FAE04EC0-301F-11D3-BF4B-00C04F79EFBC}") = "mecanim_tutorial", "mecanim_tutorial.csproj", "{BDDE3F4C-0B0A-D92C-8449-ED662C6180F8}"
EndProject
Global
	GlobalSection(SolutionConfigurationPlatforms) = preSolution
		Debug|Any CPU = Debug|Any CPU
		Release|Any CPU = Release|Any CPU
	EndGlobalSection
	GlobalSection(ProjectConfigurationPlatforms) = postSolution
		{BDDE3F4C-0B0A-D92C-8449-ED662C6180F8}.Debug|Any CPU.ActiveCfg = Debug|Any CPU
		{BDDE3F4C-0B0A-D92C-8449-ED662C6180F8}.Debug|Any CPU.Build.0 = Debug|Any CPU
		{BDDE3F4C-0B0A-D92C-8449-ED662C6180F8}.Release|Any CPU.ActiveCfg = Release|Any CPU
		{BDDE3F4C-0B0A-D92C-8449-ED662C6180F8}.Release|Any CPU.Build.0 = Release|Any CPU
	EndGlobalSection
	GlobalSection(SolutionProperties) = preSolution
		HideSolutionNode = FALSE
	EndGlobalSection
EndGlobal
